
Microsoft Visual Studio Solution File, Format Version 12.00
# Visual Studio Express 2012 for Windows Desktop
Project("{FAE04EC0-301F-11D3-BF4B-00C04F79EFBC}") = "Q1_Employee", "Q1_Employee\Q1_Employee.csproj", "{5FECDD36-6194-402A-B138-B7366877313E}"
EndProject
Global
	GlobalSection(SolutionConfigurationPlatforms) = preSolution
		Debug|Any CPU = Debug|Any CPU
		Release|Any CPU = Release|Any CPU
	EndGlobalSection
	GlobalSection(ProjectConfigurationPlatforms) = postSolution
		{5FECDD36-6194-402A-B138-B7366877313E}.Debug|Any CPU.ActiveCfg = Debug|Any CPU
		{5FECDD36-6194-402A-B138-B7366877313E}.Debug|Any CPU.Build.0 = Debug|Any CPU
		{5FECDD36-6194-402A-B138-B7366877313E}.Release|Any CPU.ActiveCfg = Release|Any CPU
		{5FECDD36-6194-402A-B138-B7366877313E}.Release|Any CPU.Build.0 = Release|Any CPU
	EndGlobalSection
	GlobalSection(SolutionProperties) = preSolution
		HideSolutionNode = FALSE
	EndGlobalSection
EndGlobal
