
Microsoft Visual Studio Solution File, Format Version 12.00
# Visual Studio Version 16
VisualStudioVersion = 16.0.30621.155
MinimumVisualStudioVersion = 10.0.40219.1
Project("{FAE04EC0-301F-11D3-BF4B-00C04F79EFBC}") = "BankAccountLib", "BankAccountLib.csproj", "{FB5A0533-6981-4DF0-BCB4-8C226249A19E}"
EndProject
Global
	GlobalSection(SolutionConfigurationPlatforms) = preSolution
		Debug|Any CPU = Debug|Any CPU
		Release|Any CPU = Release|Any CPU
	EndGlobalSection
	GlobalSection(ProjectConfigurationPlatforms) = postSolution
		{FB5A0533-6981-4DF0-BCB4-8C226249A19E}.Debug|Any CPU.ActiveCfg = Debug|Any CPU
		{FB5A0533-6981-4DF0-BCB4-8C226249A19E}.Debug|Any CPU.Build.0 = Debug|Any CPU
		{FB5A0533-6981-4DF0-BCB4-8C226249A19E}.Release|Any CPU.ActiveCfg = Release|Any CPU
		{FB5A0533-6981-4DF0-BCB4-8C226249A19E}.Release|Any CPU.Build.0 = Release|Any CPU
	EndGlobalSection
	GlobalSection(SolutionProperties) = preSolution
		HideSolutionNode = FALSE
	EndGlobalSection
	GlobalSection(ExtensibilityGlobals) = postSolution
		SolutionGuid = {E5A2FA74-E965-49C9-BEC7-8083294B1503}
	EndGlobalSection
EndGlobal
