
Microsoft Visual Studio Solution File, Format Version 12.00
# Visual Studio Version 16
VisualStudioVersion = 16.0.30717.126
MinimumVisualStudioVersion = 10.0.40219.1
Project("{FAE04EC0-301F-11D3-BF4B-00C04F79EFBC}") = "RestHello1", "RestHello1.csproj", "{B9483548-9C6A-4548-ACDA-81EA51721090}"
EndProject
Global
	GlobalSection(SolutionConfigurationPlatforms) = preSolution
		Debug|Any CPU = Debug|Any CPU
		Release|Any CPU = Release|Any CPU
	EndGlobalSection
	GlobalSection(ProjectConfigurationPlatforms) = postSolution
		{B9483548-9C6A-4548-ACDA-81EA51721090}.Debug|Any CPU.ActiveCfg = Debug|Any CPU
		{B9483548-9C6A-4548-ACDA-81EA51721090}.Debug|Any CPU.Build.0 = Debug|Any CPU
		{B9483548-9C6A-4548-ACDA-81EA51721090}.Release|Any CPU.ActiveCfg = Release|Any CPU
		{B9483548-9C6A-4548-ACDA-81EA51721090}.Release|Any CPU.Build.0 = Release|Any CPU
	EndGlobalSection
	GlobalSection(SolutionProperties) = preSolution
		HideSolutionNode = FALSE
	EndGlobalSection
	GlobalSection(ExtensibilityGlobals) = postSolution
		SolutionGuid = {65ED4636-2CC9-4766-9BA5-E1A221215A42}
	EndGlobalSection
EndGlobal
