
Microsoft Visual Studio Solution File, Format Version 12.00
# Visual Studio Express 2012 for Windows Desktop
Project("{FAE04EC0-301F-11D3-BF4B-00C04F79EFBC}") = "Q02_mainApp", "Q02_mainApp\Q02_mainApp.csproj", "{50561AE3-2CFD-459C-B035-8416B033BC2B}"
EndProject
Global
	GlobalSection(SolutionConfigurationPlatforms) = preSolution
		Debug|Any CPU = Debug|Any CPU
		Release|Any CPU = Release|Any CPU
	EndGlobalSection
	GlobalSection(ProjectConfigurationPlatforms) = postSolution
		{50561AE3-2CFD-459C-B035-8416B033BC2B}.Debug|Any CPU.ActiveCfg = Debug|Any CPU
		{50561AE3-2CFD-459C-B035-8416B033BC2B}.Debug|Any CPU.Build.0 = Debug|Any CPU
		{50561AE3-2CFD-459C-B035-8416B033BC2B}.Release|Any CPU.ActiveCfg = Release|Any CPU
		{50561AE3-2CFD-459C-B035-8416B033BC2B}.Release|Any CPU.Build.0 = Release|Any CPU
	EndGlobalSection
	GlobalSection(SolutionProperties) = preSolution
		HideSolutionNode = FALSE
	EndGlobalSection
EndGlobal
