
Microsoft Visual Studio Solution File, Format Version 12.00
# Visual Studio Version 16
VisualStudioVersion = 16.0.30621.155
MinimumVisualStudioVersion = 10.0.40219.1
Project("{FAE04EC0-301F-11D3-BF4B-00C04F79EFBC}") = "MiniProject22Nov", "MiniProject22Nov.csproj", "{1A85E660-8DCD-4D1F-AE0C-82B70C4EEE0F}"
EndProject
Global
	GlobalSection(SolutionConfigurationPlatforms) = preSolution
		Debug|Any CPU = Debug|Any CPU
		Release|Any CPU = Release|Any CPU
	EndGlobalSection
	GlobalSection(ProjectConfigurationPlatforms) = postSolution
		{1A85E660-8DCD-4D1F-AE0C-82B70C4EEE0F}.Debug|Any CPU.ActiveCfg = Debug|Any CPU
		{1A85E660-8DCD-4D1F-AE0C-82B70C4EEE0F}.Debug|Any CPU.Build.0 = Debug|Any CPU
		{1A85E660-8DCD-4D1F-AE0C-82B70C4EEE0F}.Release|Any CPU.ActiveCfg = Release|Any CPU
		{1A85E660-8DCD-4D1F-AE0C-82B70C4EEE0F}.Release|Any CPU.Build.0 = Release|Any CPU
	EndGlobalSection
	GlobalSection(SolutionProperties) = preSolution
		HideSolutionNode = FALSE
	EndGlobalSection
	GlobalSection(ExtensibilityGlobals) = postSolution
		SolutionGuid = {9ADDD2E6-7B53-4A77-9486-3E5FADA0DB1E}
	EndGlobalSection
EndGlobal
