
Microsoft Visual Studio Solution File, Format Version 12.00
# Visual Studio Version 16
VisualStudioVersion = 16.0.30621.155
MinimumVisualStudioVersion = 10.0.40219.1
Project("{FAE04EC0-301F-11D3-BF4B-00C04F79EFBC}") = "BankApp", "BankApp.csproj", "{C3608FA1-1C09-496D-BEB6-36B856E3806F}"
EndProject
Global
	GlobalSection(SolutionConfigurationPlatforms) = preSolution
		Debug|Any CPU = Debug|Any CPU
		Release|Any CPU = Release|Any CPU
	EndGlobalSection
	GlobalSection(ProjectConfigurationPlatforms) = postSolution
		{C3608FA1-1C09-496D-BEB6-36B856E3806F}.Debug|Any CPU.ActiveCfg = Debug|Any CPU
		{C3608FA1-1C09-496D-BEB6-36B856E3806F}.Debug|Any CPU.Build.0 = Debug|Any CPU
		{C3608FA1-1C09-496D-BEB6-36B856E3806F}.Release|Any CPU.ActiveCfg = Release|Any CPU
		{C3608FA1-1C09-496D-BEB6-36B856E3806F}.Release|Any CPU.Build.0 = Release|Any CPU
	EndGlobalSection
	GlobalSection(SolutionProperties) = preSolution
		HideSolutionNode = FALSE
	EndGlobalSection
	GlobalSection(ExtensibilityGlobals) = postSolution
		SolutionGuid = {1C5CFDC3-FBA1-4123-80CA-C79A2AAE72ED}
	EndGlobalSection
EndGlobal
