
Microsoft Visual Studio Solution File, Format Version 12.00
# Visual Studio Express 2012 for Windows Desktop
Project("{FAE04EC0-301F-11D3-BF4B-00C04F79EFBC}") = "Q05_mainApp", "Q05_mainApp\Q05_mainApp.csproj", "{CB6C24D7-CAF1-4CB3-889D-914A86B47513}"
EndProject
Global
	GlobalSection(SolutionConfigurationPlatforms) = preSolution
		Debug|Any CPU = Debug|Any CPU
		Release|Any CPU = Release|Any CPU
	EndGlobalSection
	GlobalSection(ProjectConfigurationPlatforms) = postSolution
		{CB6C24D7-CAF1-4CB3-889D-914A86B47513}.Debug|Any CPU.ActiveCfg = Debug|Any CPU
		{CB6C24D7-CAF1-4CB3-889D-914A86B47513}.Debug|Any CPU.Build.0 = Debug|Any CPU
		{CB6C24D7-CAF1-4CB3-889D-914A86B47513}.Release|Any CPU.ActiveCfg = Release|Any CPU
		{CB6C24D7-CAF1-4CB3-889D-914A86B47513}.Release|Any CPU.Build.0 = Release|Any CPU
	EndGlobalSection
	GlobalSection(SolutionProperties) = preSolution
		HideSolutionNode = FALSE
	EndGlobalSection
EndGlobal
