
Microsoft Visual Studio Solution File, Format Version 12.00
# Visual Studio Express 2012 for Windows Desktop
Project("{FAE04EC0-301F-11D3-BF4B-00C04F79EFBC}") = "Q03_outKeyword", "Q03_outKeyword\Q03_outKeyword.csproj", "{B3D998B5-40C1-4A55-A644-41D4A9B5BBB7}"
EndProject
Global
	GlobalSection(SolutionConfigurationPlatforms) = preSolution
		Debug|Any CPU = Debug|Any CPU
		Release|Any CPU = Release|Any CPU
	EndGlobalSection
	GlobalSection(ProjectConfigurationPlatforms) = postSolution
		{B3D998B5-40C1-4A55-A644-41D4A9B5BBB7}.Debug|Any CPU.ActiveCfg = Debug|Any CPU
		{B3D998B5-40C1-4A55-A644-41D4A9B5BBB7}.Debug|Any CPU.Build.0 = Debug|Any CPU
		{B3D998B5-40C1-4A55-A644-41D4A9B5BBB7}.Release|Any CPU.ActiveCfg = Release|Any CPU
		{B3D998B5-40C1-4A55-A644-41D4A9B5BBB7}.Release|Any CPU.Build.0 = Release|Any CPU
	EndGlobalSection
	GlobalSection(SolutionProperties) = preSolution
		HideSolutionNode = FALSE
	EndGlobalSection
EndGlobal
