
Microsoft Visual Studio Solution File, Format Version 12.00
# Visual Studio Version 16
VisualStudioVersion = 16.0.30621.155
MinimumVisualStudioVersion = 10.0.40219.1
Project("{FAE04EC0-301F-11D3-BF4B-00C04F79EFBC}") = "MVC_practice01", "MVC_practice01.csproj", "{7F4BDE65-FCBD-425F-8E99-93633585AA00}"
EndProject
Global
	GlobalSection(SolutionConfigurationPlatforms) = preSolution
		Debug|Any CPU = Debug|Any CPU
		Release|Any CPU = Release|Any CPU
	EndGlobalSection
	GlobalSection(ProjectConfigurationPlatforms) = postSolution
		{7F4BDE65-FCBD-425F-8E99-93633585AA00}.Debug|Any CPU.ActiveCfg = Debug|Any CPU
		{7F4BDE65-FCBD-425F-8E99-93633585AA00}.Debug|Any CPU.Build.0 = Debug|Any CPU
		{7F4BDE65-FCBD-425F-8E99-93633585AA00}.Release|Any CPU.ActiveCfg = Release|Any CPU
		{7F4BDE65-FCBD-425F-8E99-93633585AA00}.Release|Any CPU.Build.0 = Release|Any CPU
	EndGlobalSection
	GlobalSection(SolutionProperties) = preSolution
		HideSolutionNode = FALSE
	EndGlobalSection
	GlobalSection(ExtensibilityGlobals) = postSolution
		SolutionGuid = {319D290F-2FC3-4391-8126-49CC676DB71C}
	EndGlobalSection
EndGlobal
