
Microsoft Visual Studio Solution File, Format Version 12.00
# Visual Studio Express 2012 for Windows Desktop
Project("{FAE04EC0-301F-11D3-BF4B-00C04F79EFBC}") = "Q02_annonymousObj", "Q02_annonymousObj\Q02_annonymousObj.csproj", "{151BA34E-7CEA-4DAF-B762-EF9933C58DC6}"
EndProject
Global
	GlobalSection(SolutionConfigurationPlatforms) = preSolution
		Debug|Any CPU = Debug|Any CPU
		Release|Any CPU = Release|Any CPU
	EndGlobalSection
	GlobalSection(ProjectConfigurationPlatforms) = postSolution
		{151BA34E-7CEA-4DAF-B762-EF9933C58DC6}.Debug|Any CPU.ActiveCfg = Debug|Any CPU
		{151BA34E-7CEA-4DAF-B762-EF9933C58DC6}.Debug|Any CPU.Build.0 = Debug|Any CPU
		{151BA34E-7CEA-4DAF-B762-EF9933C58DC6}.Release|Any CPU.ActiveCfg = Release|Any CPU
		{151BA34E-7CEA-4DAF-B762-EF9933C58DC6}.Release|Any CPU.Build.0 = Release|Any CPU
	EndGlobalSection
	GlobalSection(SolutionProperties) = preSolution
		HideSolutionNode = FALSE
	EndGlobalSection
EndGlobal
