
Microsoft Visual Studio Solution File, Format Version 12.00
# Visual Studio Express 2012 for Windows Desktop
Project("{FAE04EC0-301F-11D3-BF4B-00C04F79EFBC}") = "Q02_mainApp", "Q02_mainApp\Q02_mainApp.csproj", "{470C447D-B687-434B-AF8B-B3F7FCB3E616}"
EndProject
Global
	GlobalSection(SolutionConfigurationPlatforms) = preSolution
		Debug|Any CPU = Debug|Any CPU
		Release|Any CPU = Release|Any CPU
	EndGlobalSection
	GlobalSection(ProjectConfigurationPlatforms) = postSolution
		{470C447D-B687-434B-AF8B-B3F7FCB3E616}.Debug|Any CPU.ActiveCfg = Debug|Any CPU
		{470C447D-B687-434B-AF8B-B3F7FCB3E616}.Debug|Any CPU.Build.0 = Debug|Any CPU
		{470C447D-B687-434B-AF8B-B3F7FCB3E616}.Release|Any CPU.ActiveCfg = Release|Any CPU
		{470C447D-B687-434B-AF8B-B3F7FCB3E616}.Release|Any CPU.Build.0 = Release|Any CPU
	EndGlobalSection
	GlobalSection(SolutionProperties) = preSolution
		HideSolutionNode = FALSE
	EndGlobalSection
EndGlobal
