
Microsoft Visual Studio Solution File, Format Version 12.00
# Visual Studio Express 2012 for Windows Desktop
Project("{FAE04EC0-301F-11D3-BF4B-00C04F79EFBC}") = "Q1_mainApp", "Q1_mainApp\Q1_mainApp.csproj", "{7C69540F-AFCA-4705-B2E4-F0E7B4BDCB4F}"
EndProject
Global
	GlobalSection(SolutionConfigurationPlatforms) = preSolution
		Debug|Any CPU = Debug|Any CPU
		Release|Any CPU = Release|Any CPU
	EndGlobalSection
	GlobalSection(ProjectConfigurationPlatforms) = postSolution
		{7C69540F-AFCA-4705-B2E4-F0E7B4BDCB4F}.Debug|Any CPU.ActiveCfg = Debug|Any CPU
		{7C69540F-AFCA-4705-B2E4-F0E7B4BDCB4F}.Debug|Any CPU.Build.0 = Debug|Any CPU
		{7C69540F-AFCA-4705-B2E4-F0E7B4BDCB4F}.Release|Any CPU.ActiveCfg = Release|Any CPU
		{7C69540F-AFCA-4705-B2E4-F0E7B4BDCB4F}.Release|Any CPU.Build.0 = Release|Any CPU
	EndGlobalSection
	GlobalSection(SolutionProperties) = preSolution
		HideSolutionNode = FALSE
	EndGlobalSection
EndGlobal
